
Microsoft Visual Studio Solution File, Format Version 12.00
# Visual Studio Version 16
VisualStudioVersion = 16.0.31321.278
MinimumVisualStudioVersion = 10.0.40219.1
Project("{FAE04EC0-301F-11D3-BF4B-00C04F79EFBC}") = "FirstMVCApp", "FirstMVCApp\FirstMVCApp.csproj", "{29875D6B-503E-4534-B14B-EC7494943033}"
EndProject
Global
	GlobalSection(SolutionConfigurationPlatforms) = preSolution
		Debug|Any CPU = Debug|Any CPU
		Release|Any CPU = Release|Any CPU
	EndGlobalSection
	GlobalSection(ProjectConfigurationPlatforms) = postSolution
		{29875D6B-503E-4534-B14B-EC7494943033}.Debug|Any CPU.ActiveCfg = Debug|Any CPU
		{29875D6B-503E-4534-B14B-EC7494943033}.Debug|Any CPU.Build.0 = Debug|Any CPU
		{29875D6B-503E-4534-B14B-EC7494943033}.Release|Any CPU.ActiveCfg = Release|Any CPU
		{29875D6B-503E-4534-B14B-EC7494943033}.Release|Any CPU.Build.0 = Release|Any CPU
	EndGlobalSection
	GlobalSection(SolutionProperties) = preSolution
		HideSolutionNode = FALSE
	EndGlobalSection
	GlobalSection(ExtensibilityGlobals) = postSolution
		SolutionGuid = {34D5ED1C-6D15-4937-91EA-E54F291094BA}
	EndGlobalSection
EndGlobal
